base/chain-tools sha256:351164f94adfbb08dd30eeea70b4d6ab825194c3c20d9179ffac9edd72e169a1
base/fabric-tools sha256:845268d4a7a91154a679812398e904af64be0a3861ec0d77a73bd426f7a7c5eb
base/go-builder sha256:c5b5c5f81bbda3d58943af662a617292c18c0ab7049026476baedf12cef441f8
base/judge-min sha256:f5dfd8b934b06e7549596398e9759b5961d16566c627f70a80404f7e7a974375
base/node-builder sha256:e6613c834ef13f9613344b87c84cc0a0bf2db5166b5bbfaad02d0ebdb8eeb3fc
base/runtime-min sha256:990a7893f583a0e35aa4cb22698f4b25a652d2b4dc5139795481bdc9b0fc15fb
infra/aa-bundler sha256:4aa081a9b2d9ca874328ed3ebbb44e90bb1e0e15306b0de5cb47d4d40fe9699d
infra/bridge-relayer sha256:3a6e82d7cfa1104984ee9df400486aa68adbe8b3c609e658051fb3a3050db2c1
infra/event-listener sha256:0caaf5432c362b6dcc1f4ee706b07039412511e0a2132df415bb6016c5573923
infra/ipfs sha256:4f75ec8f5c5a0c112d67dae2696dbc9be0517025c068c09c1bae1698ed1827c4
infra/ipfs-cluster sha256:1330725f474a05a5603ec6ea4c648ba96ccafcf8712ebc1516bafdd5c19c5f46
infra/op-stack sha256:1c27913891391a1a05dc0518584d5aad7fa97af02974e5bf528215781ba76a1a
infra/paymaster sha256:e908b88411cdbe4614f0675647c7ed057e36fd3d3875882fdf5c5cb4d15caead
infra/postgres-graph sha256:1c9ac33ef259dd3480ab57294d0b8709db44a0cefd8ef344fda0101ad066455b
infra/rpc-gateway sha256:104424599f67eae8aba3dc90f3dd10bad0b46c4f7c07d12584aa9316a4c84419
infra/thegraph-node sha256:379ec16079a149df83563c2daeee1feca34137166154ad7ba662111d7e5eab63
infra/wallet-backend sha256:838f36929357444d7f797869eeef729f8d9b270a77ef2de36bc9431f77a2fbf7
infra/zk-prover sha256:d439d760289d1fdee5d2a105192386cafeb11955b73be94d7658cd400229bbd8
ingress/ingress-nginx sha256:6e54643f00e5a5634d94bd77281848eac180a445fe8ed9b0d1d88248bebf4674
init/sandbox-seed sha256:06b02792664cbf886d49727ddb3c1594fc40523ca9ffa7e3df19200a46a96bf9
judger/static-scan sha256:1aed1389e5f4dd8ba6d46334d3b87cb540d01b77a44c947a8c0ec706bc764817
judger/testcase-evm sha256:f77a45a21a885c5306c88c855bdefec86c9cafa8dbe62d9164ec7e16cfa2ecdd
judger/testcase-fabric sha256:5f71b4b381c9114bd497d2d6c11785b0f3b20835d46e88c823f4fc85c05c658f
judger/testcase-fisco sha256:f2ca2ebce579d9d300e915aa89a2c13b0d8f198825c6461ee010af5b726b160e
middleware/clamav sha256:5eeae8652cff5a00d4321628345bd53bb0488f285e7f038a49cdc4042a3f1445
middleware/couchdb sha256:0c027fdcffd7b7d56d06317d9fffb9355d774de90e2b57a65279dab20ccb6afb
middleware/minio sha256:6bb4539a21e09550a3b2bad4fe4ecca07a655200ff5bbf700158316f094d48c0
middleware/nats sha256:c8a1fe28c2b1d1e69189471582973d5b13b79835bcd1ac717f760610f981935b
middleware/postgres sha256:344e6a15f1d778db725d5c6bbbb3ce384872222c1bfe13d003476582b9625da7
middleware/redis sha256:55a24360a131488be0c49a877af45d63d4cdd7919cb972765e59e9390324a7e1
observability/prometheus sha256:e848136867d59593bd7e3b9b1ada7bea3baa750776e7eb1c78d8ef5595f49725
runtime/bitcoin sha256:5854f2863d1b579834fa5ca8710a0a5eb910a112ff17e085eec13b0e453b6af5
runtime/cosmos sha256:a52e3ee0f9fb416262e168d170f33c0f7559e2723c8f4d1ef3a4e59fafec5b2c
runtime/edu-chain sha256:29f6d7f6fed6b02b30d778b70aaa2d245fa704bb346c30aa1bf494a27a234a0d
runtime/evm-besu sha256:d3735e705ed0e0aa343a3eb0a324ca597e760596d448337574c4dfc1456058b1
runtime/evm-foundry sha256:a12c25acec0207327cb56b9de0f72e8bf419ff6152e26e374594995e9f884ddf
runtime/evm-geth sha256:ce679206b6fe5c2e16655f608131041dc512e341ff606cbd46aa8fb140f09b6b
runtime/evm-hardhat sha256:c56e2559dce3b6bcea3ddeb59587ee2b2da3c76f05116fe92b1403e1dca895e7
runtime/fabric sha256:0e0fd6c3e42edbc3c06d5f329b15a7982e1182f39e982b1c9ce3da4fb555844f
runtime/fisco-bcos sha256:1754f2b73efc4c090ebe55b0c4da185fc7796965b960df30bb39936b13fab842
runtime/move-aptos sha256:06cd038f71dd14ba44365faddadd857815af5ebea64746141810275e62ba12ac
runtime/move-sui sha256:0c2d66d64813dadab1c062a015803357ca92d1094af801e6ac3d0b4d685f27d6
runtime/near sha256:7e47baa5ead57e4e3a6ef3a38e842f90e0c263f1e58d71363b7573c1fbdca421
runtime/solana sha256:f74ffb3c185eea826e89ccb33708b9a33ca4b5d7765323231d8af4be8971b35e
runtime/substrate sha256:5d6506f1e79b3c4991bb295a067011014db183297fa2705cfc2222a3cad3df86
service/backend sha256:4f38baa5e6f652302c090c765b554a984d1c25bec1638bd814130a0695dfc2ea
service/cron sha256:819508b49619d34268ccfca4093e2e3cadaa569cde99e1d7f773c19aeb6481ba
service/frontend sha256:85b94c9ce6e3cced53aa4a6bbce3825155d8cb856206d6eafd2a70cd1cc5c578
service/migrate sha256:0b815b351f330e4dfdda33cbaa6808327e9c1f97322a303494145329ee71e2de
sidecar/collector sha256:8bd442f1d3236f17aba0a927af5732ca4568c8da7ac9d2807176e5bf130c9e5d
sidecar/log-shipper sha256:1812bd78655d14a7cc3e26ab5b6350b08310d57ae38e39d8539be60fc2166d27
sim/graph-layout sha256:33f90b57e77d5ff097878aa8a6275762700de49e324a901d2adf13113bd5ce28
sim/package-runner sha256:80eadd80d3c256487116d56bb95ccfa6836da26878b85fb7294aeec6771cd99e
tool/blockscout sha256:cdb502db166a139f978d4648da4c5a440208745de42e167a33f5277d24eeb19c
tool/code-server sha256:c238cc030c3ad454ced5b8ea0b6bf09ed1d77206635165f56c1aa29e125888b8
tool/contract-ui sha256:30ee106982e20d5b000800aec91332fe1abd2338b144bbea362262da9ebcea1a
tool/db-viewer sha256:4f55638a0648bc51c0f4737fca7e8dfbd43d1f90648d3475e85cb4344aee2102
tool/gas-profiler sha256:dd881330eb83c54bf5990204c2dd153ce2e69b73e05edfc9f4a0ae592cf59ec1
tool/jupyter sha256:093a77660615e585d73e8717f4591593c019a7a2144bd3350a34c459ae808ec5
tool/mythril sha256:db9903cbf8788d8f8e9ca7107ce749d5e3f4a10e1ae3eb0fa8741aa3642710d6
tool/novnc-desktop sha256:571f18b3c20dc7f3f69448226553e9b5bc1769a71e53113b044c5980eae41957
tool/remix sha256:91103e9136a05456926e7bcdc84a2a27917f0218e2de81e20b60081eaf5707ac
tool/slither sha256:f276df20dfd64e927cf041cb512a27e8fce7b17b2055861ccbd1ee4c2a7ad54a
tool/wallet-sim sha256:86cac611e9a964420c75228e7785171da3763c6c52fe6aeb8ac9df3dee6f599c
