base/chain-tools sha256:0e8e5315b8058855f0e91fad46be772cf56ba40f83ece0c76abbaf0498f3a04b
base/fabric-tools sha256:06752d553817a0b710ca6c94a63205867fdb4cf05170bf3844f92ae9675d3f2d
base/go-builder sha256:fb0a1352643623882f008691aaa1459262c0c5e1030878dbdbc5e916a852a869
base/judge-min sha256:d2743f78ed3692605000ae2451b96cfd97274490be19f14bd4247163b23b03fb
base/node-builder sha256:869b0f4cc2cef41d35b93bc7446374124c90a879d2bf89041f06cca7ccfaea86
base/runtime-min sha256:990a7893f583a0e35aa4cb22698f4b25a652d2b4dc5139795481bdc9b0fc15fb
infra/aa-bundler sha256:4aa081a9b2d9ca874328ed3ebbb44e90bb1e0e15306b0de5cb47d4d40fe9699d
infra/bridge-relayer sha256:f8f68b9bbbcf54742452187e3291947e3b2a02195b1e134cb13d47386ae4b93e
infra/chainlink-node sha256:458157136f0fac4cc51e8bdfffed95d31f30985319f46330d78377d12d196c83
infra/ethereum-beacon sha256:cdb2a6e5eb6197091896b4dac5e607ce696e09355614b56cbe5fb40b1a4dac29
infra/event-listener sha256:f864de868090d77477923d4b8002f69fdcd9a77179c3bc99578f2ad03530b1bc
infra/external-secrets sha256:d8b06e1eb2f407004030ca2c0b605d9ef106fff1ea6f8699f5bf2edfabf6f55b
infra/ipfs sha256:9fcdacb905ce067eb982bd48ca01917bdb734ba2c0c805093bd6eed886680379
infra/ipfs-cluster sha256:83a8708ead6d7891395919eb924e2378741b5f90455568ea5fdcef3555711a2f
infra/op-stack sha256:f27cb929306ef8ebe186e6f4dd0e67f70975fac6823e72c4cabe056b95425827
infra/paymaster sha256:d75c57f33b20ad9d4b869022c0a0999cc2dd3b233a100c5abf8ff34c63402186
infra/postgres-graph sha256:9cc5ad6d627b75cb603eed003986c2ea425cda1e89beeb38a1815956e7d5cc4d
infra/rpc-gateway sha256:57e49cc2f1f5b3a0f94dc05ed085b8b48805c667da6951231665bb74aef7bd82
infra/thegraph-node sha256:4de2ae62fbb04e29b69a556c53e2125ab0c6c78d489ac93af7c7f22a1bb0c189
infra/wallet-backend sha256:0240675106b37cc18dce3d7990aca78960718fdf0c0778b2b2c77c2371b32e1c
infra/zk-prover sha256:4c9e5fe06f17db0ad764c67b3420f4356093c0a83ba2069dddd8862c8881d970
ingress/ingress-nginx sha256:67eba0d011b862325a3795f0bf5232f042def5cbc091f4f5e7c731f61b02a3bb
ingress/kube-webhook-certgen sha256:5293fe638660dd23234f278e9fb1885345f0635b05c7b914b699de9ca3852728
init/sandbox-seed sha256:ca4c0b9690c2755cae24c5f35ec2312070ce77a3826a76648f579f581c612a79
judger/static-scan sha256:036f62433e5d55243851cafdeeaaf84f74a72499823a406dda6054e5faee649a
judger/testcase-evm sha256:e80b8fc8ef1ac54616ec2d7508c94047c4378aec1d35f009302349c1c776d54c
judger/testcase-fabric sha256:31c010e136d2d33a27aaa403843a6088e39982df52e654c23a0023a9cbdad242
judger/testcase-fisco sha256:02e70b9167b7a3396284666404523a13dcc809c911bd5f237eb143507f8a9431
middleware/clamav sha256:c16cc3c7a3dcb1f7120bd1a7e4251cefdfbd6deaa4b847f1da6a0a2ab39dd354
middleware/couchdb sha256:e5540b681839dafc678c71586e862ec653fb6587ef1fa0734430e371c1c08343
middleware/nats sha256:9a2e624d079bfebee7ffd905b562af915991ed3644cb10737934cd4c0e35feda
middleware/postgres sha256:ea605021430638bf1d7f2aee0e3586a91797852de6bbd18e08cd106c6c36147b
middleware/redis sha256:c9ca7f5ce2e7f762128903c4684cffa38019f81fd2fd965dabbb30481e742fc4
middleware/rustfs sha256:9f8e59b58d1b00931b12a03dbbcc014d7ca3a2aadecfdb5361f16fe07b1d9e08
network/cilium sha256:e5fb78c9deeb3de434cf8439d65cc763fcb4d02d811461b5d86991f918934fa4
network/cilium-builder sha256:dcaa38a62362dc1611729a4b5b1d34b02329c5c61a5ea96490c46d0aa62a80ba
network/cilium-envoy sha256:9330b551366fc3edb18e3bc17492de652063b860ca7abbffc051775eceb0a9b2
network/cilium-operator sha256:09bf5d7f4aea599ad72bb36deecb04fcc4cd1c3335933afc506ae75a843e9f0a
network/cilium-runtime sha256:5994bf40dcb9e621a700f44c8ecb61846f6aa79902b8323b63ec42e75aa2ea7c
observability/grafana sha256:9b83afccaba439d7d6dd04fd5ef7cecbc4d567f8678406440c24c1dff4658054
observability/prometheus sha256:105153a3302181d7c1da8199ef3f16b6c8a2a2fead0c1d6c70839c7bd1338d9e
runtime/bitcoin sha256:4b9ba7ee0d5fa67b3c49c57213fae91db79f81c75b0fe2f7b0e31a0679d91bc1
runtime/cosmos sha256:c8175c4d90152fc3823ec9a91daa0eb5fd19245cc7b3827c44c0d6170f93711c
runtime/edu-chain sha256:bde43247903c625c636d8777f78ee8a0ea47cc1f6b362c7c08b2888d666271a6
runtime/evm-besu sha256:9b5fe663439b936d63adc9268c704f319ca12eb13d618cc0ee60985eaeebd735
runtime/evm-foundry sha256:647344c9dee2db6f0eaf32d642dfee20d0d4d604aa7e991a7eeb5fbc3e020a7d
runtime/evm-geth sha256:bf3fc0e8238ded5c4ff686c5e6e5801fca2b797fef73b35e39bf5a328d9cea1a
runtime/evm-hardhat sha256:51145f59d53252015dceb518f0cce8e34515a424c89a7b168fa9217b1a87afeb
runtime/fabric sha256:d73120b07dec29e81ffb135d024da87b800780d6be21835afba09c957298435a
runtime/fisco-bcos sha256:fb4f78010f1088d00f6b921e1f63203ed637e4e0b56f820e29bf2c26d30ccfe3
runtime/move-aptos sha256:155a7d9644c53e599d831d3a63064625e60a77bd241c2d861e24fb42af4340af
runtime/move-sui sha256:2abf8ad405d647eafd2ec518945ed7738d04b1fcf9ef67dd977315fa8781264a
runtime/near sha256:7a5aecd41c9876f90748b9fbc696947761c1d17520fd1ff79febbd6953e9cfc0
runtime/op-geth sha256:b9a21d2742b00b2f036bd8843a67355b5fbf12edca218abb43411f465b5453f1
runtime/solana sha256:f0235516a1b4f6fb45f5244263bd1f51e335fe633c9acdb7d5d9ae24ef40bf2d
runtime/substrate sha256:d3ad462b40822aa140f87438914d15eecd23cda233207e5d55a62f81111b1a45
service/backend sha256:b5d054ebf993f7fa34842f37d526d1475a54cabf224dae5bd3567942dc640f25
service/cron sha256:92d5fce2d8f1821f0b3581bac35badc308fc415fceb5003ab11cf05c6f97d9ad
service/frontend sha256:b07d5b0527ed01628d15ab06075be44b8fc97344b47c3039f4f6f587f3ceeef3
service/migrate sha256:e55d11b09cd2f23bd9895b39e0e3f48b208081e8b9692038e59e5966466de3d1
sidecar/collector sha256:f3c7563c60969197fc61e9dea4b33dfeddb014e5c86353f055880936da15f661
sidecar/log-shipper sha256:25ccf1de5f1a5bfd14780235a18d009532b8a89414c10bb21271fb73db6b311b
sim/graph-layout sha256:06b737bea0a16d9221afce6671e45c35320516af0a970881a8a1c754cf7c2177
sim/package-runner sha256:bda4cd00979f434756658e9595a9117dfa1924be9334c57716ae05a03ea020e9
tool/blockscout sha256:cdb502db166a139f978d4648da4c5a440208745de42e167a33f5277d24eeb19c
tool/code-server sha256:8f8b17b82eff9f0859e68b325f584ffeb3b82d4977b2ef67c140308cda5e78d7
tool/contract-ui sha256:672dd4f362efaeb53ef7ea4b4e187fa26c5e6ba03552d635554186843c4a1503
tool/db-viewer sha256:1e4a5b5320d94faaf0cc48f60202f719541ace3fc243ade337d12a454fb26feb
tool/fabric-explorer sha256:7fdbe3cbee5c8ffee8fc8777af8a36830f1cd99e5ba2bb08619398c8ed9beb0b
tool/gas-profiler sha256:28666edb1eeb2b1eb1583a0766c84942b38ce05c1a374b2db5da0607f9a0f3ff
tool/jupyter sha256:093a77660615e585d73e8717f4591593c019a7a2144bd3350a34c459ae808ec5
tool/mythril sha256:80b6b4c5b8172b54deaedc87f773d567e1ccdfd690b1fb8a6ae86d52fb0b4e8b
tool/novnc-desktop sha256:fcd7858d7b3812ca127000222bcf31e5ff1a97c44fc90118e19733b6d102d7e6
tool/remix sha256:960014b06b1a51b38405d929e44fa1c8e773a7fe4ecb8eef3b5eeaf982b360a5
tool/slither sha256:34f59c2fc043999fd26961c386b75c152ec173b345e9a5a944a748a8b2a151b0
tool/wallet-sim sha256:a0c8b485c07f568a50d9770f2a07d85ce27b9ea1748c1a01d59598f0f3f5e355
tool/workspace sha256:0635a8aeb03e897ce8acb1ca891601b887611955d2c3c0d7100f034ee8b339ae
