# Chaimir deployable image digest lock. Generated from Harbor digests after Trivy HIGH/CRITICAL gate; non-deployable manifests remain blocked in their manifest supply_chain block.
base/chain-tools sha256:8c234ccacc8aad43995aac375668ab19a0c13ce85fd4bdcf37c2077474de8cb9
base/go-builder sha256:105f43fec2ca24f7df1ed966814de4391b323eadb074cc72de31fcfba60aa43a
base/judge-min sha256:091e77a0f6799bfbe50bd9684bc73150ae5b65fd45a22c4bf7807a7fc16ecece
base/node-builder sha256:756ec7bd7306ea9038422dece9c70806e2b75201c7ac0097146d4fa11f0b9c7b
base/runtime-min sha256:9f6dd21e4dc41fe3d3d3adfc4c0c37b4b126c9442c0ce57de1ede28c04b9f055
infra/aa-bundler sha256:50185b96191ee10c03505b27f070a480072fef1c10ac182dbd7a2903e04fbd12
infra/bridge-relayer sha256:cf593e2933c278e23b4b99bbe0f4da8b4c0e23dfb8ca8eeadf940342b275e596
infra/chainlink-node sha256:4a5e8196373dec609fd5f566510f2f56dd9ac5a928f0ff299691969562d27e6c
infra/event-listener sha256:62c4546ba75bde5e20000ce40da1e9407a7108ca7fb2fcbc4b8e0e93bea08cf3
infra/ipfs sha256:85a62761df557276b704bafd079437efe6ab4a8e8e22385c6b5a5a1973cf4316
infra/ipfs-cluster sha256:781a66c629f125cd9730130008bb99a9a1de2935b45b89581e0622d23ed3dffe
infra/op-stack sha256:a61b89bb7a91baed57d7bd10dbc128d5cf6e7212fc33d9adc1ff4902bba5e2ec
infra/paymaster sha256:36ed43e5fb20caf238a4724e57d444dbcf807c929d63bf4bb1b2b4238b1fab15
infra/postgres-graph sha256:6096c5cd45c0511083f8743ee9c9fc33a1cf3c6a52322377161f44de712441ba
infra/rpc-gateway sha256:ec229e4973da21091350f96aab3c3839469442f3e8fb0fc3daeed0119e4dd78b
infra/thegraph-node sha256:5dbe0ffc5bce58de4da312dd53fe704ad8a1ee6966e13cd45d62a442482f10f7
infra/wallet-backend sha256:a2c73f3c4b01ee8e4430b1e3836eb0b603b3f56fc5d0ce58f4e80f6372756019
infra/zk-prover sha256:812456fe387c382be5c73e32c1f51323325a247c034752642c7e242c524640a0
ingress/ingress-nginx sha256:5130177e1158c67ecedb73350b72355fc1ea648237f1e6ad041c3cae6ee633db
init/sandbox-seed sha256:dd6e19cdfb5cf003aba0e4b8c388163841fd639ce1dc3e3776f190f860b03adc
judger/static-scan sha256:5f2b4a49a8de7b3b5ac0a0877a86781188274907fcee4bcb871cf258d41dedca
judger/testcase-evm sha256:c5cb322f76097c4bfc00d1a9c90f76b0c75728d5fd3c19d277d015405c51ae54
judger/testcase-fabric sha256:08f9f0ab61daf0e916eca5ad58ff707d2c40bc6715875e81370d1b00ceae6ffb
judger/testcase-fisco sha256:9253d1fde50e510550fbb6a7a49d9ff1af211e93c11047481b2504536811f258
middleware/clamav sha256:833c257e088e8480f825bf03dc5c37d907747acb2c371c51a07034a38cc24143
middleware/couchdb sha256:cb6997e299df8821370f987f7864932e14890a7ab435ce92461986297ed3fb8b
middleware/minio sha256:5d4553bf53b4981ca52343d86271c71a1e6d20859133561f01ac645b389755b6
middleware/nats sha256:9524c61e8791a6417ff875878adb8229865bf99d00fe1b6bf5192ece77adde95
middleware/postgres sha256:ef20d46eba750371f6710e18cae1502e7dc538afd4aab4a0d8937712f2aefc31
middleware/redis sha256:0ba43c28f35d08b10f4a4b56ce249aee7bd3541ec8215b30682cffb59d84a37d
observability/grafana sha256:81527c02cfe542fc01f6a090046a994ade16ddf3289916eb00205d7224eae1f6
observability/prometheus sha256:d99891900a1d16fdf839b5270aef2639cce6e9f22b49a7bd9e1fa4bb8de30ab3
runtime/bitcoin sha256:1a94119984957799ae782f659b4a690c47117c3026b163e866967ea10b373bbd
runtime/cosmos sha256:06c91b953269aed8da99d1fa609a7a3591c5eb04ddba5830ce1e79be930c7bfd
runtime/edu-chain sha256:8627b6457ef7da72638a9999b06132d33adb416296a6c505cef1f3369269e8ea
runtime/evm-besu sha256:4cd075e351be371b3f789a7805ed596176f5e2235c06e827c6e1255034635b71
runtime/evm-foundry sha256:72462a0a648a512a19f68b1a6740a67ec9126a792edfca6a6e03892164e06951
runtime/evm-geth sha256:e237a3e6e2d4ebb16fce5f48a889dc707a2802179e054c9e97e57e2ae1ff86e5
runtime/evm-hardhat sha256:61cbe8d34dc2c2eb0c890e88cdaf45b316fc2d39d93ac6a3c6396d05024681aa
runtime/fabric sha256:7a497cb2fc39aa7bd60290d40a4a4a7506061f2c3b44192115de2e6735106ee5
runtime/fisco-bcos sha256:7f77a07f1b2c730a5054ee1ea3fb6ee212e52fff2cbb00d17cf8e0e37c9c40ae
runtime/move-aptos sha256:a79a9166ad92ef9c814446c47e473971dac1390760cd7e9550f9791c4de544a9
runtime/move-sui sha256:336ff997da14de30e5f97d3d28cfe23ea6222b4626744af9c47edc1d1a34c0d1
runtime/near sha256:ec5989c3867ed39ea056e3d9a6d206f7478950b5c1320be9f9a835e8c6b6d174
runtime/solana sha256:d30d6dc4e449a90a6c251683089d334790152ac052f0190ea63574e4ba758fc7
runtime/substrate sha256:ef9fb118f0afaf889c1de30751139679e2b45afa9c255a69a4e6226814c7e321
service/backend sha256:cbaeacbba4b9c7f00ae2fe88f8c4a0614df6a399f4e50d4fdc4ae3e6cf0a0153
service/cron sha256:67ef95de11ddd238b0e0e75aa58fbaa30314eb856e211485bb449b7209a1aac6
service/migrate sha256:b01428ef7131ec4c680ba7632dee133a81239b895e2f5179c1619ea01f24e574
sidecar/collector sha256:389a73b68c6d3c6a95774adb289aa04a9340729f467f793556cd887f4de4c731
sidecar/log-shipper sha256:b7a547f5b0a3d5f3ea45e8189d7298264d09e921f527caee289dfdaca67da623
sim/graph-layout sha256:1d8260ddae71ff1b66fca62ec1b501b945ea892087d79fc402583dac9d1a19ce
tool/blockscout sha256:2746bd4a2d08594adb348c055690044ac3e3816edf7b13dc23fc7fb062dcef4c
tool/code-server sha256:936d28b15970e7c50c2ae320c6c63d76297bc95e813fc4f47a965c911c99c2d4
tool/contract-ui sha256:e227341e42eba67f4e18adb447057e222a9a753523bbc2401edc6e58bff213a5
tool/db-viewer sha256:110b061827d5724a92ea5bb59f04a189bb3c2465885df0b67dc34fba42a262b1
tool/gas-profiler sha256:0a832b2d15c034bd6dfa018a4f3ff4582ebb1193359860e771d8b56d3c554f96
tool/jupyter sha256:e95f346a79e7275cc338143fa3da4eaaf23ed312e674a829a35ff3c43ea362ab
tool/mythril sha256:6e6644371e5dd4688860e1f967e67713c1a6069c4bfe70554fb9967be38325a8
tool/novnc-desktop sha256:c2ccbb47993c019f019e7402e0706f393d2d1ce3d3c1710e4651260afd2926a5
tool/remix sha256:d28a1abd2f5da280c6d9084ce1e492ea83ba63f16f89c719053aa675f0eaf17d
tool/slither sha256:b9f3d509e37917c10cfa45b500769e0256153ce2c9a2a15bb0b5085597d18d0d
tool/wallet-sim sha256:ae96ca229e3de593a77763689744d8f7709794ccf187446381ce25f62fb79fd4
